
Microsoft Visual Studio Solution File, Format Version 12.00
# Visual Studio Version 17
VisualStudioVersion = 17.6.33815.320
MinimumVisualStudioVersion = 10.0.40219.1
Project("{FAE04EC0-301F-11D3-BF4B-00C04F79EFBC}") = "QueueAndStacks", "QueueAndStacks.csproj", "{1737C351-85D4-4B20-AED4-2C84EF311709}"
EndProject
Global
	GlobalSection(SolutionConfigurationPlatforms) = preSolution
		Debug|Any CPU = Debug|Any CPU
		Release|Any CPU = Release|Any CPU
	EndGlobalSection
	GlobalSection(ProjectConfigurationPlatforms) = postSolution
		{1737C351-85D4-4B20-AED4-2C84EF311709}.Debug|Any CPU.ActiveCfg = Debug|Any CPU
		{1737C351-85D4-4B20-AED4-2C84EF311709}.Debug|Any CPU.Build.0 = Debug|Any CPU
		{1737C351-85D4-4B20-AED4-2C84EF311709}.Release|Any CPU.ActiveCfg = Release|Any CPU
		{1737C351-85D4-4B20-AED4-2C84EF311709}.Release|Any CPU.Build.0 = Release|Any CPU
	EndGlobalSection
	GlobalSection(SolutionProperties) = preSolution
		HideSolutionNode = FALSE
	EndGlobalSection
	GlobalSection(ExtensibilityGlobals) = postSolution
		SolutionGuid = {B27E928A-7E48-44A6-9F39-897C7280BB61}
	EndGlobalSection
EndGlobal
